
Microsoft Visual Studio Solution File, Format Version 12.00
# Visual Studio 15
VisualStudioVersion = 15.0.28010.2026
MinimumVisualStudioVersion = 10.0.40219.1
Project("{FAE04EC0-301F-11D3-BF4B-00C04F79EFBC}") = "Hsf.Project", "Hsf.Project\Hsf.Project.csproj", "{DD4169E8-5E60-45E4-81E1-53ABF6B0D4A5}"
EndProject
Project("{2150E333-8FDC-42A3-9474-1A3956D46DE8}") = "HsfBLL", "HsfBLL", "{872CA66B-F927-4518-AAD0-597BBD8A0EFC}"
EndProject
Project("{FAE04EC0-301F-11D3-BF4B-00C04F79EFBC}") = "Hsf.Service", "Hsf.Service\Hsf.Service.csproj", "{CE4B1CC7-DFDB-44B0-8700-A01DF1BE4A09}"
EndProject
Project("{FAE04EC0-301F-11D3-BF4B-00C04F79EFBC}") = "Hsf.Interface", "Hsf.Interface\Hsf.Interface.csproj", "{E2E5EEDE-A217-4209-A1D9-6BBED317C6B3}"
EndProject
Project("{FAE04EC0-301F-11D3-BF4B-00C04F79EFBC}") = "Hsf.Framework", "Hsf.Framework\Hsf.Framework.csproj", "{E6A9E0E4-B4DA-43A8-8993-D359842E010A}"
EndProject
Project("{FAE04EC0-301F-11D3-BF4B-00C04F79EFBC}") = "Hsf.Model", "Hsf.Entity\Hsf.Model.csproj", "{2B11F433-E545-4F65-9175-BC800678B5DD}"
EndProject
Project("{FAE04EC0-301F-11D3-BF4B-00C04F79EFBC}") = "Hsf.DAL", "Hsf.Model\Hsf.DAL.csproj", "{A12A6027-1FC9-4867-ACDC-69E3E28BDD84}"
EndProject
Project("{2150E333-8FDC-42A3-9474-1A3956D46DE8}") = "HsfDAL", "HsfDAL", "{630AAE13-8363-43B3-9D6D-BBD79634A58F}"
EndProject
Project("{2150E333-8FDC-42A3-9474-1A3956D46DE8}") = "HsfCommon", "HsfCommon", "{A04646A7-A8A3-4446-81F6-828A118E3591}"
EndProject
Project("{FAE04EC0-301F-11D3-BF4B-00C04F79EFBC}") = "Hsf.Redis", "Hsf.Redis\Hsf.Redis.csproj", "{18C95D98-836E-4242-9E68-B60D81932A2A}"
EndProject
Global
	GlobalSection(SolutionConfigurationPlatforms) = preSolution
		Debug|Any CPU = Debug|Any CPU
		Release|Any CPU = Release|Any CPU
	EndGlobalSection
	GlobalSection(ProjectConfigurationPlatforms) = postSolution
		{DD4169E8-5E60-45E4-81E1-53ABF6B0D4A5}.Debug|Any CPU.ActiveCfg = Debug|Any CPU
		{DD4169E8-5E60-45E4-81E1-53ABF6B0D4A5}.Debug|Any CPU.Build.0 = Debug|Any CPU
		{DD4169E8-5E60-45E4-81E1-53ABF6B0D4A5}.Release|Any CPU.ActiveCfg = Release|Any CPU
		{DD4169E8-5E60-45E4-81E1-53ABF6B0D4A5}.Release|Any CPU.Build.0 = Release|Any CPU
		{CE4B1CC7-DFDB-44B0-8700-A01DF1BE4A09}.Debug|Any CPU.ActiveCfg = Debug|Any CPU
		{CE4B1CC7-DFDB-44B0-8700-A01DF1BE4A09}.Debug|Any CPU.Build.0 = Debug|Any CPU
		{CE4B1CC7-DFDB-44B0-8700-A01DF1BE4A09}.Release|Any CPU.ActiveCfg = Release|Any CPU
		{CE4B1CC7-DFDB-44B0-8700-A01DF1BE4A09}.Release|Any CPU.Build.0 = Release|Any CPU
		{E2E5EEDE-A217-4209-A1D9-6BBED317C6B3}.Debug|Any CPU.ActiveCfg = Debug|Any CPU
		{E2E5EEDE-A217-4209-A1D9-6BBED317C6B3}.Debug|Any CPU.Build.0 = Debug|Any CPU
		{E2E5EEDE-A217-4209-A1D9-6BBED317C6B3}.Release|Any CPU.ActiveCfg = Release|Any CPU
		{E2E5EEDE-A217-4209-A1D9-6BBED317C6B3}.Release|Any CPU.Build.0 = Release|Any CPU
		{E6A9E0E4-B4DA-43A8-8993-D359842E010A}.Debug|Any CPU.ActiveCfg = Debug|Any CPU
		{E6A9E0E4-B4DA-43A8-8993-D359842E010A}.Debug|Any CPU.Build.0 = Debug|Any CPU
		{E6A9E0E4-B4DA-43A8-8993-D359842E010A}.Release|Any CPU.ActiveCfg = Release|Any CPU
		{E6A9E0E4-B4DA-43A8-8993-D359842E010A}.Release|Any CPU.Build.0 = Release|Any CPU
		{2B11F433-E545-4F65-9175-BC800678B5DD}.Debug|Any CPU.ActiveCfg = Debug|Any CPU
		{2B11F433-E545-4F65-9175-BC800678B5DD}.Debug|Any CPU.Build.0 = Debug|Any CPU
		{2B11F433-E545-4F65-9175-BC800678B5DD}.Release|Any CPU.ActiveCfg = Release|Any CPU
		{2B11F433-E545-4F65-9175-BC800678B5DD}.Release|Any CPU.Build.0 = Release|Any CPU
		{A12A6027-1FC9-4867-ACDC-69E3E28BDD84}.Debug|Any CPU.ActiveCfg = Debug|Any CPU
		{A12A6027-1FC9-4867-ACDC-69E3E28BDD84}.Debug|Any CPU.Build.0 = Debug|Any CPU
		{A12A6027-1FC9-4867-ACDC-69E3E28BDD84}.Release|Any CPU.ActiveCfg = Release|Any CPU
		{A12A6027-1FC9-4867-ACDC-69E3E28BDD84}.Release|Any CPU.Build.0 = Release|Any CPU
		{18C95D98-836E-4242-9E68-B60D81932A2A}.Debug|Any CPU.ActiveCfg = Debug|Any CPU
		{18C95D98-836E-4242-9E68-B60D81932A2A}.Debug|Any CPU.Build.0 = Debug|Any CPU
		{18C95D98-836E-4242-9E68-B60D81932A2A}.Release|Any CPU.ActiveCfg = Release|Any CPU
		{18C95D98-836E-4242-9E68-B60D81932A2A}.Release|Any CPU.Build.0 = Release|Any CPU
	EndGlobalSection
	GlobalSection(SolutionProperties) = preSolution
		HideSolutionNode = FALSE
	EndGlobalSection
	GlobalSection(NestedProjects) = preSolution
		{CE4B1CC7-DFDB-44B0-8700-A01DF1BE4A09} = {872CA66B-F927-4518-AAD0-597BBD8A0EFC}
		{E2E5EEDE-A217-4209-A1D9-6BBED317C6B3} = {872CA66B-F927-4518-AAD0-597BBD8A0EFC}
		{E6A9E0E4-B4DA-43A8-8993-D359842E010A} = {A04646A7-A8A3-4446-81F6-828A118E3591}
		{2B11F433-E545-4F65-9175-BC800678B5DD} = {A04646A7-A8A3-4446-81F6-828A118E3591}
		{A12A6027-1FC9-4867-ACDC-69E3E28BDD84} = {630AAE13-8363-43B3-9D6D-BBD79634A58F}
		{18C95D98-836E-4242-9E68-B60D81932A2A} = {A04646A7-A8A3-4446-81F6-828A118E3591}
	EndGlobalSection
	GlobalSection(ExtensibilityGlobals) = postSolution
		SolutionGuid = {C9D24D33-8AE9-478B-AF96-77E583B6A6FF}
	EndGlobalSection
EndGlobal
